
Microsoft Visual Studio Solution File, Format Version 12.00
# Visual Studio Version 16
VisualStudioVersion = 16.0.32630.194
MinimumVisualStudioVersion = 10.0.40219.1
Project("{FAE04EC0-301F-11D3-BF4B-00C04F79EFBC}") = "bytebank_GeradorChavePix", "bytebank_GeradorChavePix\bytebank_GeradorChavePix.csproj", "{06D2F857-0CEB-486C-8E70-FBEE297993A6}"
EndProject
Global
	GlobalSection(SolutionConfigurationPlatforms) = preSolution
		Debug|Any CPU = Debug|Any CPU
		Release|Any CPU = Release|Any CPU
	EndGlobalSection
	GlobalSection(ProjectConfigurationPlatforms) = postSolution
		{06D2F857-0CEB-486C-8E70-FBEE297993A6}.Debug|Any CPU.ActiveCfg = Debug|Any CPU
		{06D2F857-0CEB-486C-8E70-FBEE297993A6}.Debug|Any CPU.Build.0 = Debug|Any CPU
		{06D2F857-0CEB-486C-8E70-FBEE297993A6}.Release|Any CPU.ActiveCfg = Release|Any CPU
		{06D2F857-0CEB-486C-8E70-FBEE297993A6}.Release|Any CPU.Build.0 = Release|Any CPU
	EndGlobalSection
	GlobalSection(SolutionProperties) = preSolution
		HideSolutionNode = FALSE
	EndGlobalSection
	GlobalSection(ExtensibilityGlobals) = postSolution
		SolutionGuid = {51C3B953-0B72-46A3-81B3-FFFFF3AA1373}
	EndGlobalSection
EndGlobal
